PODS:
  - Flutter (1.0.0)
  - flutter_angle (0.3.9):
    - Flutter
    - FlutterAngle (~> 0.0.8)
    - FlutterMacOS
  - FlutterAngle (0.0.8)
  - integration_test (0.0.1):
    - Flutter
  - macbear_3d (0.8.0):
    - Flutter
  - rapier_physics (0.2.0):
    - Flutter
  - video_player_avfoundation (0.0.1):
    - Flutter
    - FlutterMacOS

DEPENDENCIES:
  - Flutter (from `Flutter`)
  - flutter_angle (from `.symlinks/plugins/flutter_angle/darwin`)
  - integration_test (from `.symlinks/plugins/integration_test/ios`)
  - macbear_3d (from `.symlinks/plugins/macbear_3d/ios`)
  - rapier_physics (from `.symlinks/plugins/rapier_physics/ios`)
  - video_player_avfoundation (from `.symlinks/plugins/video_player_avfoundation/darwin`)

SPEC REPOS:
  trunk:
    - FlutterAngle

EXTERNAL SOURCES:
  Flutter:
    :path: Flutter
  flutter_angle:
    :path: ".symlinks/plugins/flutter_angle/darwin"
  integration_test:
    :path: ".symlinks/plugins/integration_test/ios"
  macbear_3d:
    :path: ".symlinks/plugins/macbear_3d/ios"
  rapier_physics:
    :path: ".symlinks/plugins/rapier_physics/ios"
  video_player_avfoundation:
    :path: ".symlinks/plugins/video_player_avfoundation/darwin"

SPEC CHECKSUMS:
  Flutter: cabc95a1d2626b1b06e7179b784ebcf0c0cde467
  flutter_angle: 290cf0e9610f10ee5e5a77e0a1e43885aa02ae3b
  FlutterAngle: c810891af800750361b1d0e7cc944f2338d5ae18
  integration_test: 4a889634ef21a45d28d50d622cf412dc6d9f586e
  macbear_3d: 4fca92a224347d5c154b70e76fd96b39a837b5af
  rapier_physics: 2ad86cc9a1a173920e35648f6430fc1132906734
  video_player_avfoundation: dd410b52df6d2466a42d28550e33e4146928280a

PODFILE CHECKSUM: 3c63482e143d1b91d2d2560aee9fb04ecc74ac7e

COCOAPODS: 1.16.2
